// !$*UTF8*$!
{
	archiveVersion = 1;
	classes = {
	};
	objectVersion = 56;
	objects = {

/* Begin PBXBuildFile section */
		4D97F44A2B9380F000ED022C /* MainGameView.swift in Sources */ = {isa = PBXBuildFile; fileRef = 4D97F4492B9380F000ED022C /* MainGameView.swift */; };
		80266CFD2B8B6C5E00DE05DC /* MillionaireApp.swift in Sources */ = {isa = PBXBuildFile; fileRef = 80266CFC2B8B6C5E00DE05DC /* MillionaireApp.swift */; };
		80266D012B8B6C5F00DE05DC /* Assets.xcassets in Resources */ = {isa = PBXBuildFile; fileRef = 80266D002B8B6C5F00DE05DC /* Assets.xcassets */; };
		80266D042B8B6C5F00DE05DC /* Preview Assets.xcassets in Resources */ = {isa = PBXBuildFile; fileRef = 80266D032B8B6C5F00DE05DC /* Preview Assets.xcassets */; };
		80266D172B8B6DB900DE05DC /* StartView.swift in Sources */ = {isa = PBXBuildFile; fileRef = 80266D162B8B6DB900DE05DC /* StartView.swift */; };
		80266D1A2B8B6DF000DE05DC /* QuestionManager.swift in Sources */ = {isa = PBXBuildFile; fileRef = 80266D192B8B6DF000DE05DC /* QuestionManager.swift */; };
		80266D1D2B8B6E4200DE05DC /* RulesView.swift in Sources */ = {isa = PBXBuildFile; fileRef = 80266D1C2B8B6E4200DE05DC /* RulesView.swift */; };
		80266D202B8B6E5600DE05DC /* ResultView.swift in Sources */ = {isa = PBXBuildFile; fileRef = 80266D1F2B8B6E5600DE05DC /* ResultView.swift */; };
		80266D232B8B6E6F00DE05DC /* LoginView.swift in Sources */ = {isa = PBXBuildFile; fileRef = 80266D222B8B6E6F00DE05DC /* LoginView.swift */; };
		80266D252B8B6E8100DE05DC /* GameView.swift in Sources */ = {isa = PBXBuildFile; fileRef = 80266D242B8B6E8100DE05DC /* GameView.swift */; };
		80266D272B8B6E8D00DE05DC /* GameViewModel.swift in Sources */ = {isa = PBXBuildFile; fileRef = 80266D262B8B6E8D00DE05DC /* GameViewModel.swift */; };
		80266D2C2B8B6FBF00DE05DC /* Color+.swift in Sources */ = {isa = PBXBuildFile; fileRef = 80266D2B2B8B6FBF00DE05DC /* Color+.swift */; };
		80266D342B8B756300DE05DC /* Questions in Frameworks */ = {isa = PBXBuildFile; productRef = 80266D332B8B756300DE05DC /* Questions */; };
		80266D362B8B756700DE05DC /* SoundManager in Frameworks */ = {isa = PBXBuildFile; productRef = 80266D352B8B756700DE05DC /* SoundManager */; };
		80358BCA2B9120C100F83617 /* QuestionView.swift in Sources */ = {isa = PBXBuildFile; fileRef = 80358BC92B9120C000F83617 /* QuestionView.swift */; };
		8037AC972B8FB464006A96BD /* QueueProtocol.swift in Sources */ = {isa = PBXBuildFile; fileRef = 8037AC962B8FB464006A96BD /* QueueProtocol.swift */; };
		8059C3D92B8FC16B002E3182 /* MillionaireTests.swift in Sources */ = {isa = PBXBuildFile; fileRef = 8059C3D82B8FC16B002E3182 /* MillionaireTests.swift */; };
		8059C3E02B8FC2B2002E3182 /* QuestionManager.swift in Sources */ = {isa = PBXBuildFile; fileRef = 80266D192B8B6DF000DE05DC /* QuestionManager.swift */; };
		8059C3E12B8FC30B002E3182 /* Queue.swift in Sources */ = {isa = PBXBuildFile; fileRef = 80B127982B8D008300D9A239 /* Queue.swift */; };
		8059C3E22B8FC30B002E3182 /* QueueProtocol.swift in Sources */ = {isa = PBXBuildFile; fileRef = 8037AC962B8FB464006A96BD /* QueueProtocol.swift */; };
		8059C3E72B8FDA0C002E3182 /* StatQuestion.swift in Sources */ = {isa = PBXBuildFile; fileRef = 8059C3E62B8FDA0C002E3182 /* StatQuestion.swift */; };
		80B127992B8D008300D9A239 /* Queue.swift in Sources */ = {isa = PBXBuildFile; fileRef = 80B127982B8D008300D9A239 /* Queue.swift */; };
		80D1D87F2B8BB3E000057512 /* GradientBackgroundView.swift in Sources */ = {isa = PBXBuildFile; fileRef = 80D1D87E2B8BB3E000057512 /* GradientBackgroundView.swift */; };
		920628762B9272E100774003 /* SaveData.swift in Sources */ = {isa = PBXBuildFile; fileRef = 920628752B9272E100774003 /* SaveData.swift */; };
		920628782B92730D00774003 /* ScorePoints.swift in Sources */ = {isa = PBXBuildFile; fileRef = 920628772B92730D00774003 /* ScorePoints.swift */; };
		9206287A2B92733800774003 /* ScoreView.swift in Sources */ = {isa = PBXBuildFile; fileRef = 920628792B92733800774003 /* ScoreView.swift */; };
		921BF03C2B8E339700792903 /* CurrentStats.swift in Sources */ = {isa = PBXBuildFile; fileRef = 921BF03B2B8E339700792903 /* CurrentStats.swift */; };
		927DE5B22B8DE2C00018602F /* DestinationView.swift in Sources */ = {isa = PBXBuildFile; fileRef = 927DE5B12B8DE2C00018602F /* DestinationView.swift */; };
		F9738D072B8CCA9000DF6A2C /* AnswerButtonView.swift in Sources */ = {isa = PBXBuildFile; fileRef = F9738D062B8CCA9000DF6A2C /* AnswerButtonView.swift */; };
		F9738D092B8CCAE900DF6A2C /* HintButtonsView.swift in Sources */ = {isa = PBXBuildFile; fileRef = F9738D082B8CCAE900DF6A2C /* HintButtonsView.swift */; };
/* End PBXBuildFile section */

/* Begin PBXContainerItemProxy section */
		8059C3DA2B8FC16B002E3182 /* PBXContainerItemProxy */ = {
			isa = PBXContainerItemProxy;
			containerPortal = 80266CF12B8B6C5E00DE05DC /* Project object */;
			proxyType = 1;
			remoteGlobalIDString = 80266CF82B8B6C5E00DE05DC;
			remoteInfo = Millionaire;
		};
/* End PBXContainerItemProxy section */

/* Begin PBXFileReference section */
		4D97F4492B9380F000ED022C /* MainGameView.swift */ = {isa = PBXFileReference; lastKnownFileType = sourcecode.swift; path = MainGameView.swift; sourceTree = "<group>"; };
		80266CF92B8B6C5E00DE05DC /* Millionaire.app */ = {isa = PBXFileReference; explicitFileType = wrapper.application; includeInIndex = 0; path = Millionaire.app; sourceTree = BUILT_PRODUCTS_DIR; };
		80266CFC2B8B6C5E00DE05DC /* MillionaireApp.swift */ = {isa = PBXFileReference; lastKnownFileType = sourcecode.swift; path = MillionaireApp.swift; sourceTree = "<group>"; };
		80266D002B8B6C5F00DE05DC /* Assets.xcassets */ = {isa = PBXFileReference; lastKnownFileType = folder.assetcatalog; path = Assets.xcassets; sourceTree = "<group>"; };
		80266D032B8B6C5F00DE05DC /* Preview Assets.xcassets */ = {isa = PBXFileReference; lastKnownFileType = folder.assetcatalog; path = "Preview Assets.xcassets"; sourceTree = "<group>"; };
		80266D162B8B6DB900DE05DC /* StartView.swift */ = {isa = PBXFileReference; lastKnownFileType = sourcecode.swift; path = StartView.swift; sourceTree = "<group>"; };
		80266D192B8B6DF000DE05DC /* QuestionManager.swift */ = {isa = PBXFileReference; lastKnownFileType = sourcecode.swift; path = QuestionManager.swift; sourceTree = "<group>"; };
		80266D1C2B8B6E4200DE05DC /* RulesView.swift */ = {isa = PBXFileReference; lastKnownFileType = sourcecode.swift; path = RulesView.swift; sourceTree = "<group>"; };
		80266D1F2B8B6E5600DE05DC /* ResultView.swift */ = {isa = PBXFileReference; lastKnownFileType = sourcecode.swift; path = ResultView.swift; sourceTree = "<group>"; };
		80266D222B8B6E6F00DE05DC /* LoginView.swift */ = {isa = PBXFileReference; lastKnownFileType = sourcecode.swift; path = LoginView.swift; sourceTree = "<group>"; };
		80266D242B8B6E8100DE05DC /* GameView.swift */ = {isa = PBXFileReference; lastKnownFileType = sourcecode.swift; path = GameView.swift; sourceTree = "<group>"; };
		80266D262B8B6E8D00DE05DC /* GameViewModel.swift */ = {isa = PBXFileReference; lastKnownFileType = sourcecode.swift; path = GameViewModel.swift; sourceTree = "<group>"; };
		80266D2B2B8B6FBF00DE05DC /* Color+.swift */ = {isa = PBXFileReference; lastKnownFileType = sourcecode.swift; path = "Color+.swift"; sourceTree = "<group>"; };
		80266D302B8B722D00DE05DC /* Questions */ = {isa = PBXFileReference; lastKnownFileType = text; name = Questions; path = Millionaire/Packages/Questions; sourceTree = SOURCE_ROOT; };
		80266D312B8B726B00DE05DC /* SoundManager */ = {isa = PBXFileReference; lastKnownFileType = text; name = SoundManager; path = Millionaire/Packages/SoundManager; sourceTree = SOURCE_ROOT; };
		80358BC92B9120C000F83617 /* QuestionView.swift */ = {isa = PBXFileReference; lastKnownFileType = sourcecode.swift; path = QuestionView.swift; sourceTree = "<group>"; };
		8037AC962B8FB464006A96BD /* QueueProtocol.swift */ = {isa = PBXFileReference; lastKnownFileType = sourcecode.swift; path = QueueProtocol.swift; sourceTree = "<group>"; };
		8059C3D62B8FC16B002E3182 /* MillionaireTests.xctest */ = {isa = PBXFileReference; explicitFileType = wrapper.cfbundle; includeInIndex = 0; path = MillionaireTests.xctest; sourceTree = BUILT_PRODUCTS_DIR; };
		8059C3D82B8FC16B002E3182 /* MillionaireTests.swift */ = {isa = PBXFileReference; lastKnownFileType = sourcecode.swift; path = MillionaireTests.swift; sourceTree = "<group>"; };
		8059C3DF2B8FC1F5002E3182 /* MillionaireTests.xctestplan */ = {isa = PBXFileReference; lastKnownFileType = text; path = MillionaireTests.xctestplan; sourceTree = "<group>"; };
		8059C3E62B8FDA0C002E3182 /* StatQuestion.swift */ = {isa = PBXFileReference; lastKnownFileType = sourcecode.swift; path = StatQuestion.swift; sourceTree = "<group>"; };
		80B127982B8D008300D9A239 /* Queue.swift */ = {isa = PBXFileReference; lastKnownFileType = sourcecode.swift; path = Queue.swift; sourceTree = "<group>"; };
		80D1D87E2B8BB3E000057512 /* GradientBackgroundView.swift */ = {isa = PBXFileReference; lastKnownFileType = sourcecode.swift; path = GradientBackgroundView.swift; sourceTree = "<group>"; };
		920628752B9272E100774003 /* SaveData.swift */ = {isa = PBXFileReference; lastKnownFileType = sourcecode.swift; path = SaveData.swift; sourceTree = "<group>"; };
		920628772B92730D00774003 /* ScorePoints.swift */ = {isa = PBXFileReference; lastKnownFileType = sourcecode.swift; path = ScorePoints.swift; sourceTree = "<group>"; };
		920628792B92733800774003 /* ScoreView.swift */ = {isa = PBXFileReference; lastKnownFileType = sourcecode.swift; path = ScoreView.swift; sourceTree = "<group>"; };
		921BF03B2B8E339700792903 /* CurrentStats.swift */ = {isa = PBXFileReference; lastKnownFileType = sourcecode.swift; path = CurrentStats.swift; sourceTree = "<group>"; };
		927DE5B12B8DE2C00018602F /* DestinationView.swift */ = {isa = PBXFileReference; lastKnownFileType = sourcecode.swift; path = DestinationView.swift; sourceTree = "<group>"; };
		F9738D062B8CCA9000DF6A2C /* AnswerButtonView.swift */ = {isa = PBXFileReference; lastKnownFileType = sourcecode.swift; path = AnswerButtonView.swift; sourceTree = "<group>"; };
		F9738D082B8CCAE900DF6A2C /* HintButtonsView.swift */ = {isa = PBXFileReference; lastKnownFileType = sourcecode.swift; path = HintButtonsView.swift; sourceTree = "<group>"; };
/* End PBXFileReference section */

/* Begin PBXFrameworksBuildPhase section */
		80266CF62B8B6C5E00DE05DC /* Frameworks */ = {
			isa = PBXFrameworksBuildPhase;
			buildActionMask = 2147483647;
			files = (
				80266D362B8B756700DE05DC /* SoundManager in Frameworks */,
				80266D342B8B756300DE05DC /* Questions in Frameworks */,
			);
			runOnlyForDeploymentPostprocessing = 0;
		};
		8059C3D32B8FC16B002E3182 /* Frameworks */ = {
			isa = PBXFrameworksBuildPhase;
			buildActionMask = 2147483647;
			files = (
			);
			runOnlyForDeploymentPostprocessing = 0;
		};
/* End PBXFrameworksBuildPhase section */

/* Begin PBXGroup section */
		80266CF02B8B6C5E00DE05DC = {
			isa = PBXGroup;
			children = (
				8059C3DF2B8FC1F5002E3182 /* MillionaireTests.xctestplan */,
				80266CFB2B8B6C5E00DE05DC /* Millionaire */,
				8059C3D72B8FC16B002E3182 /* MillionaireTests */,
				80266CFA2B8B6C5E00DE05DC /* Products */,
				80266D322B8B756300DE05DC /* Frameworks */,
			);
			sourceTree = "<group>";
		};
		80266CFA2B8B6C5E00DE05DC /* Products */ = {
			isa = PBXGroup;
			children = (
				80266CF92B8B6C5E00DE05DC /* Millionaire.app */,
				8059C3D62B8FC16B002E3182 /* MillionaireTests.xctest */,
			);
			name = Products;
			sourceTree = "<group>";
		};
		80266CFB2B8B6C5E00DE05DC /* Millionaire */ = {
			isa = PBXGroup;
			children = (
				80266D0A2B8B6CA300DE05DC /* App */,
				80266D152B8B6D4300DE05DC /* Base */,
				80266D0C2B8B6CAB00DE05DC /* Modules */,
				80266D2F2B8B720900DE05DC /* Packages */,
				80266D022B8B6C5F00DE05DC /* Preview Content */,
			);
			path = Millionaire;
			sourceTree = "<group>";
		};
		80266D022B8B6C5F00DE05DC /* Preview Content */ = {
			isa = PBXGroup;
			children = (
				80266D032B8B6C5F00DE05DC /* Preview Assets.xcassets */,
			);
			path = "Preview Content";
			sourceTree = "<group>";
		};
		80266D0A2B8B6CA300DE05DC /* App */ = {
			isa = PBXGroup;
			children = (
				80266D002B8B6C5F00DE05DC /* Assets.xcassets */,
				80266CFC2B8B6C5E00DE05DC /* MillionaireApp.swift */,
			);
			path = App;
			sourceTree = "<group>";
		};
		80266D0B2B8B6CA700DE05DC /* Start */ = {
			isa = PBXGroup;
			children = (
				80266D112B8B6D2D00DE05DC /* View */,
			);
			path = Start;
			sourceTree = "<group>";
		};
		80266D0C2B8B6CAB00DE05DC /* Modules */ = {
			isa = PBXGroup;
			children = (
				920628722B9272B400774003 /* Score */,
				921BF03A2B8E337E00792903 /* CurrentStats */,
				80266D0B2B8B6CA700DE05DC /* Start */,
				80266D102B8B6D0600DE05DC /* Login */,
				80266D0F2B8B6CE900DE05DC /* Results */,
				80266D0E2B8B6CB700DE05DC /* Rules */,
				80266D0D2B8B6CB400DE05DC /* Game */,
			);
			path = Modules;
			sourceTree = "<group>";
		};
		80266D0D2B8B6CB400DE05DC /* Game */ = {
			isa = PBXGroup;
			children = (
				8059C3E52B8FD9F7002E3182 /* Entity */,
				80266D182B8B6DD900DE05DC /* Helpers */,
				80266D132B8B6D3500DE05DC /* ViewModel */,
				80266D122B8B6D3200DE05DC /* View */,
			);
			path = Game;
			sourceTree = "<group>";
		};
		80266D0E2B8B6CB700DE05DC /* Rules */ = {
			isa = PBXGroup;
			children = (
				80266D1B2B8B6E3800DE05DC /* View */,
			);
			path = Rules;
			sourceTree = "<group>";
		};
		80266D0F2B8B6CE900DE05DC /* Results */ = {
			isa = PBXGroup;
			children = (
				80266D1E2B8B6E4E00DE05DC /* View */,
			);
			path = Results;
			sourceTree = "<group>";
		};
		80266D102B8B6D0600DE05DC /* Login */ = {
			isa = PBXGroup;
			children = (
				80266D212B8B6E6900DE05DC /* View */,
			);
			path = Login;
			sourceTree = "<group>";
		};
		80266D112B8B6D2D00DE05DC /* View */ = {
			isa = PBXGroup;
			children = (
				80266D162B8B6DB900DE05DC /* StartView.swift */,
			);
			path = View;
			sourceTree = "<group>";
		};
		80266D122B8B6D3200DE05DC /* View */ = {
			isa = PBXGroup;
			children = (
				80358BC82B9120B200F83617 /* Views */,
				80266D242B8B6E8100DE05DC /* GameView.swift */,
			);
			path = View;
			sourceTree = "<group>";
		};
		80266D132B8B6D3500DE05DC /* ViewModel */ = {
			isa = PBXGroup;
			children = (
				80266D262B8B6E8D00DE05DC /* GameViewModel.swift */,
			);
			path = ViewModel;
			sourceTree = "<group>";
		};
		80266D152B8B6D4300DE05DC /* Base */ = {
			isa = PBXGroup;
			children = (
				80D1D87E2B8BB3E000057512 /* GradientBackgroundView.swift */,
				927DE5B12B8DE2C00018602F /* DestinationView.swift */,
				F9738D062B8CCA9000DF6A2C /* AnswerButtonView.swift */,
				F9738D082B8CCAE900DF6A2C /* HintButtonsView.swift */,
				80266D282B8B6F9700DE05DC /* Extensions */,
			);
			path = Base;
			sourceTree = "<group>";
		};
		80266D182B8B6DD900DE05DC /* Helpers */ = {
			isa = PBXGroup;
			children = (
				8037AC952B8FB44B006A96BD /* QuestionManager */,
				8037AC942B8FB43F006A96BD /* Queue */,
			);
			path = Helpers;
			sourceTree = "<group>";
		};
		80266D1B2B8B6E3800DE05DC /* View */ = {
			isa = PBXGroup;
			children = (
				80266D1C2B8B6E4200DE05DC /* RulesView.swift */,
			);
			path = View;
			sourceTree = "<group>";
		};
		80266D1E2B8B6E4E00DE05DC /* View */ = {
			isa = PBXGroup;
			children = (
				80266D1F2B8B6E5600DE05DC /* ResultView.swift */,
			);
			path = View;
			sourceTree = "<group>";
		};
		80266D212B8B6E6900DE05DC /* View */ = {
			isa = PBXGroup;
			children = (
				80266D222B8B6E6F00DE05DC /* LoginView.swift */,
			);
			path = View;
			sourceTree = "<group>";
		};
		80266D282B8B6F9700DE05DC /* Extensions */ = {
			isa = PBXGroup;
			children = (
				80266D2B2B8B6FBF00DE05DC /* Color+.swift */,
			);
			path = Extensions;
			sourceTree = "<group>";
		};
		80266D2F2B8B720900DE05DC /* Packages */ = {
			isa = PBXGroup;
			children = (
				80266D312B8B726B00DE05DC /* SoundManager */,
				80266D302B8B722D00DE05DC /* Questions */,
			);
			name = Packages;
			path = "Preview Content/Packages";
			sourceTree = "<group>";
		};
		80266D322B8B756300DE05DC /* Frameworks */ = {
			isa = PBXGroup;
			children = (
			);
			name = Frameworks;
			sourceTree = "<group>";
		};
		80358BC82B9120B200F83617 /* Views */ = {
			isa = PBXGroup;
			children = (
				80358BC92B9120C000F83617 /* QuestionView.swift */,
				4D97F4492B9380F000ED022C /* MainGameView.swift */,
			);
			path = Views;
			sourceTree = "<group>";
		};
		8037AC942B8FB43F006A96BD /* Queue */ = {
			isa = PBXGroup;
			children = (
				80B127982B8D008300D9A239 /* Queue.swift */,
				8037AC962B8FB464006A96BD /* QueueProtocol.swift */,
			);
			path = Queue;
			sourceTree = "<group>";
		};
		8037AC952B8FB44B006A96BD /* QuestionManager */ = {
			isa = PBXGroup;
			children = (
				80266D192B8B6DF000DE05DC /* QuestionManager.swift */,
			);
			path = QuestionManager;
			sourceTree = "<group>";
		};
		8059C3D72B8FC16B002E3182 /* MillionaireTests */ = {
			isa = PBXGroup;
			children = (
				8059C3D82B8FC16B002E3182 /* MillionaireTests.swift */,
			);
			path = MillionaireTests;
			sourceTree = "<group>";
		};
		8059C3E52B8FD9F7002E3182 /* Entity */ = {
			isa = PBXGroup;
			children = (
				8059C3E62B8FDA0C002E3182 /* StatQuestion.swift */,
			);
			path = Entity;
			sourceTree = "<group>";
		};
		920628722B9272B400774003 /* Score */ = {
			isa = PBXGroup;
			children = (
				920628742B9272CC00774003 /* View */,
				920628732B9272C200774003 /* Extensions */,
				920628772B92730D00774003 /* ScorePoints.swift */,
			);
			path = Score;
			sourceTree = "<group>";
		};
		920628732B9272C200774003 /* Extensions */ = {
			isa = PBXGroup;
			children = (
				920628752B9272E100774003 /* SaveData.swift */,
			);
			path = Extensions;
			sourceTree = "<group>";
		};
		920628742B9272CC00774003 /* View */ = {
			isa = PBXGroup;
			children = (
				920628792B92733800774003 /* ScoreView.swift */,
			);
			path = View;
			sourceTree = "<group>";
		};
		921BF03A2B8E337E00792903 /* CurrentStats */ = {
			isa = PBXGroup;
			children = (
				921BF03B2B8E339700792903 /* CurrentStats.swift */,
			);
			path = CurrentStats;
			sourceTree = "<group>";
		};
/* End PBXGroup section */

/* Begin PBXNativeTarget section */
		80266CF82B8B6C5E00DE05DC /* Millionaire */ = {
			isa = PBXNativeTarget;
			buildConfigurationList = 80266D072B8B6C5F00DE05DC /* Build configuration list for PBXNativeTarget "Millionaire" */;
			buildPhases = (
				80266CF52B8B6C5E00DE05DC /* Sources */,
				80266CF62B8B6C5E00DE05DC /* Frameworks */,
				80266CF72B8B6C5E00DE05DC /* Resources */,
			);
			buildRules = (
			);
			dependencies = (
			);
			name = Millionaire;
			packageProductDependencies = (
				80266D332B8B756300DE05DC /* Questions */,
				80266D352B8B756700DE05DC /* SoundManager */,
			);
			productName = Millionaire;
			productReference = 80266CF92B8B6C5E00DE05DC /* Millionaire.app */;
			productType = "com.apple.product-type.application";
		};
		8059C3D52B8FC16B002E3182 /* MillionaireTests */ = {
			isa = PBXNativeTarget;
			buildConfigurationList = 8059C3DC2B8FC16B002E3182 /* Build configuration list for PBXNativeTarget "MillionaireTests" */;
			buildPhases = (
				8059C3D22B8FC16B002E3182 /* Sources */,
				8059C3D32B8FC16B002E3182 /* Frameworks */,
				8059C3D42B8FC16B002E3182 /* Resources */,
			);
			buildRules = (
			);
			dependencies = (
				8059C3DB2B8FC16B002E3182 /* PBXTargetDependency */,
			);
			name = MillionaireTests;
			productName = MillionaireTests;
			productReference = 8059C3D62B8FC16B002E3182 /* MillionaireTests.xctest */;
			productType = "com.apple.product-type.bundle.unit-test";
		};
/* End PBXNativeTarget section */

/* Begin PBXProject section */
		80266CF12B8B6C5E00DE05DC /* Project object */ = {
			isa = PBXProject;
			attributes = {
				BuildIndependentTargetsInParallel = 1;
				LastSwiftUpdateCheck = 1510;
				LastUpgradeCheck = 1520;
				TargetAttributes = {
					80266CF82B8B6C5E00DE05DC = {
						CreatedOnToolsVersion = 15.1;
					};
					8059C3D52B8FC16B002E3182 = {
						CreatedOnToolsVersion = 15.1;
						TestTargetID = 80266CF82B8B6C5E00DE05DC;
					};
				};
			};
			buildConfigurationList = 80266CF42B8B6C5E00DE05DC /* Build configuration list for PBXProject "Millionaire" */;
			compatibilityVersion = "Xcode 14.0";
			developmentRegion = en;
			hasScannedForEncodings = 0;
			knownRegions = (
				en,
				Base,
			);
			mainGroup = 80266CF02B8B6C5E00DE05DC;
			productRefGroup = 80266CFA2B8B6C5E00DE05DC /* Products */;
			projectDirPath = "";
			projectRoot = "";
			targets = (
				80266CF82B8B6C5E00DE05DC /* Millionaire */,
				8059C3D52B8FC16B002E3182 /* MillionaireTests */,
			);
		};
/* End PBXProject section */

/* Begin PBXResourcesBuildPhase section */
		80266CF72B8B6C5E00DE05DC /* Resources */ = {
			isa = PBXResourcesBuildPhase;
			buildActionMask = 2147483647;
			files = (
				80266D042B8B6C5F00DE05DC /* Preview Assets.xcassets in Resources */,
				80266D012B8B6C5F00DE05DC /* Assets.xcassets in Resources */,
			);
			runOnlyForDeploymentPostprocessing = 0;
		};
		8059C3D42B8FC16B002E3182 /* Resources */ = {
			isa = PBXResourcesBuildPhase;
			buildActionMask = 2147483647;
			files = (
			);
			runOnlyForDeploymentPostprocessing = 0;
		};
/* End PBXResourcesBuildPhase section */

/* Begin PBXSourcesBuildPhase section */
		80266CF52B8B6C5E00DE05DC /* Sources */ = {
			isa = PBXSourcesBuildPhase;
			buildActionMask = 2147483647;
			files = (
				80266D232B8B6E6F00DE05DC /* LoginView.swift in Sources */,
				80266D2C2B8B6FBF00DE05DC /* Color+.swift in Sources */,
				80266D1D2B8B6E4200DE05DC /* RulesView.swift in Sources */,
				80B127992B8D008300D9A239 /* Queue.swift in Sources */,
				F9738D072B8CCA9000DF6A2C /* AnswerButtonView.swift in Sources */,
				920628782B92730D00774003 /* ScorePoints.swift in Sources */,
				8037AC972B8FB464006A96BD /* QueueProtocol.swift in Sources */,
				80266CFD2B8B6C5E00DE05DC /* MillionaireApp.swift in Sources */,
				F9738D092B8CCAE900DF6A2C /* HintButtonsView.swift in Sources */,
				80266D172B8B6DB900DE05DC /* StartView.swift in Sources */,
				80266D272B8B6E8D00DE05DC /* GameViewModel.swift in Sources */,
				9206287A2B92733800774003 /* ScoreView.swift in Sources */,
				927DE5B22B8DE2C00018602F /* DestinationView.swift in Sources */,
				80266D202B8B6E5600DE05DC /* ResultView.swift in Sources */,
				80266D1A2B8B6DF000DE05DC /* QuestionManager.swift in Sources */,
				80D1D87F2B8BB3E000057512 /* GradientBackgroundView.swift in Sources */,
				80266D252B8B6E8100DE05DC /* GameView.swift in Sources */,
				921BF03C2B8E339700792903 /* CurrentStats.swift in Sources */,
				920628762B9272E100774003 /* SaveData.swift in Sources */,
				80358BCA2B9120C100F83617 /* QuestionView.swift in Sources */,
				4D97F44A2B9380F000ED022C /* MainGameView.swift in Sources */,
				8059C3E72B8FDA0C002E3182 /* StatQuestion.swift in Sources */,
			);
			runOnlyForDeploymentPostprocessing = 0;
		};
		8059C3D22B8FC16B002E3182 /* Sources */ = {
			isa = PBXSourcesBuildPhase;
			buildActionMask = 2147483647;
			files = (
				8059C3E12B8FC30B002E3182 /* Queue.swift in Sources */,
				8059C3E22B8FC30B002E3182 /* QueueProtocol.swift in Sources */,
				8059C3E02B8FC2B2002E3182 /* QuestionManager.swift in Sources */,
				8059C3D92B8FC16B002E3182 /* MillionaireTests.swift in Sources */,
			);
			runOnlyForDeploymentPostprocessing = 0;
		};
/* End PBXSourcesBuildPhase section */

/* Begin PBXTargetDependency section */
		8059C3DB2B8FC16B002E3182 /* PBXTargetDependency */ = {
			isa = PBXTargetDependency;
			target = 80266CF82B8B6C5E00DE05DC /* Millionaire */;
			targetProxy = 8059C3DA2B8FC16B002E3182 /* PBXContainerItemProxy */;
		};
/* End PBXTargetDependency section */

/* Begin XCBuildConfiguration section */
		80266D052B8B6C5F00DE05DC /* Debug */ = {
			isa = XCBuildConfiguration;
			buildSettings = {
				ALWAYS_SEARCH_USER_PATHS = NO;
				ASSETCATALOG_COMPILER_GENERATE_SWIFT_ASSET_SYMBOL_EXTENSIONS = YES;
				CLANG_ANALYZER_NONNULL = YES;
				CLANG_ANALYZER_NUMBER_OBJECT_CONVERSION = YES_AGGRESSIVE;
				CLANG_CXX_LANGUAGE_STANDARD = "gnu++20";
				CLANG_ENABLE_MODULES = YES;
				CLANG_ENABLE_OBJC_ARC = YES;
				CLANG_ENABLE_OBJC_WEAK = YES;
				CLANG_WARN_BLOCK_CAPTURE_AUTORELEASING = YES;
				CLANG_WARN_BOOL_CONVERSION = YES;
				CLANG_WARN_COMMA = YES;
				CLANG_WARN_CONSTANT_CONVERSION = YES;
				CLANG_WARN_DEPRECATED_OBJC_IMPLEMENTATIONS = YES;
				CLANG_WARN_DIRECT_OBJC_ISA_USAGE = YES_ERROR;
				CLANG_WARN_DOCUMENTATION_COMMENTS = YES;
				CLANG_WARN_EMPTY_BODY = YES;
				CLANG_WARN_ENUM_CONVERSION = YES;
				CLANG_WARN_INFINITE_RECURSION = YES;
				CLANG_WARN_INT_CONVERSION = YES;
				CLANG_WARN_NON_LITERAL_NULL_CONVERSION = YES;
				CLANG_WARN_OBJC_IMPLICIT_RETAIN_SELF = YES;
				CLANG_WARN_OBJC_LITERAL_CONVERSION = YES;
				CLANG_WARN_OBJC_ROOT_CLASS = YES_ERROR;
				CLANG_WARN_QUOTED_INCLUDE_IN_FRAMEWORK_HEADER = YES;
				CLANG_WARN_RANGE_LOOP_ANALYSIS = YES;
				CLANG_WARN_STRICT_PROTOTYPES = YES;
				CLANG_WARN_SUSPICIOUS_MOVE = YES;
				CLANG_WARN_UNGUARDED_AVAILABILITY = YES_AGGRESSIVE;
				CLANG_WARN_UNREACHABLE_CODE = YES;
				CLANG_WARN__DUPLICATE_METHOD_MATCH = YES;
				COPY_PHASE_STRIP = NO;
				DEBUG_INFORMATION_FORMAT = dwarf;
				ENABLE_STRICT_OBJC_MSGSEND = YES;
				ENABLE_TESTABILITY = YES;
				ENABLE_USER_SCRIPT_SANDBOXING = YES;
				GCC_C_LANGUAGE_STANDARD = gnu17;
				GCC_DYNAMIC_NO_PIC = NO;
				GCC_NO_COMMON_BLOCKS = YES;
				GCC_OPTIMIZATION_LEVEL = 0;
				GCC_PREPROCESSOR_DEFINITIONS = (
					"DEBUG=1",
					"$(inherited)",
				);
				GCC_WARN_64_TO_32_BIT_CONVERSION = YES;
				GCC_WARN_ABOUT_RETURN_TYPE = YES_ERROR;
				GCC_WARN_UNDECLARED_SELECTOR = YES;
				GCC_WARN_UNINITIALIZED_AUTOS = YES_AGGRESSIVE;
				GCC_WARN_UNUSED_FUNCTION = YES;
				GCC_WARN_UNUSED_VARIABLE = YES;
				IPHONEOS_DEPLOYMENT_TARGET = 17.2;
				LOCALIZATION_PREFERS_STRING_CATALOGS = YES;
				MTL_ENABLE_DEBUG_INFO = INCLUDE_SOURCE;
				MTL_FAST_MATH = YES;
				ONLY_ACTIVE_ARCH = YES;
				SDKROOT = iphoneos;
				SWIFT_ACTIVE_COMPILATION_CONDITIONS = "DEBUG $(inherited)";
				SWIFT_OPTIMIZATION_LEVEL = "-Onone";
			};
			name = Debug;
		};
		80266D062B8B6C5F00DE05DC /* Release */ = {
			isa = XCBuildConfiguration;
			buildSettings = {
				ALWAYS_SEARCH_USER_PATHS = NO;
				ASSETCATALOG_COMPILER_GENERATE_SWIFT_ASSET_SYMBOL_EXTENSIONS = YES;
				CLANG_ANALYZER_NONNULL = YES;
				CLANG_ANALYZER_NUMBER_OBJECT_CONVERSION = YES_AGGRESSIVE;
				CLANG_CXX_LANGUAGE_STANDARD = "gnu++20";
				CLANG_ENABLE_MODULES = YES;
				CLANG_ENABLE_OBJC_ARC = YES;
				CLANG_ENABLE_OBJC_WEAK = YES;
				CLANG_WARN_BLOCK_CAPTURE_AUTORELEASING = YES;
				CLANG_WARN_BOOL_CONVERSION = YES;
				CLANG_WARN_COMMA = YES;
				CLANG_WARN_CONSTANT_CONVERSION = YES;
				CLANG_WARN_DEPRECATED_OBJC_IMPLEMENTATIONS = YES;
				CLANG_WARN_DIRECT_OBJC_ISA_USAGE = YES_ERROR;
				CLANG_WARN_DOCUMENTATION_COMMENTS = YES;
				CLANG_WARN_EMPTY_BODY = YES;
				CLANG_WARN_ENUM_CONVERSION = YES;
				CLANG_WARN_INFINITE_RECURSION = YES;
				CLANG_WARN_INT_CONVERSION = YES;
				CLANG_WARN_NON_LITERAL_NULL_CONVERSION = YES;
				CLANG_WARN_OBJC_IMPLICIT_RETAIN_SELF = YES;
				CLANG_WARN_OBJC_LITERAL_CONVERSION = YES;
				CLANG_WARN_OBJC_ROOT_CLASS = YES_ERROR;
				CLANG_WARN_QUOTED_INCLUDE_IN_FRAMEWORK_HEADER = YES;
				CLANG_WARN_RANGE_LOOP_ANALYSIS = YES;
				CLANG_WARN_STRICT_PROTOTYPES = YES;
				CLANG_WARN_SUSPICIOUS_MOVE = YES;
				CLANG_WARN_UNGUARDED_AVAILABILITY = YES_AGGRESSIVE;
				CLANG_WARN_UNREACHABLE_CODE = YES;
				CLANG_WARN__DUPLICATE_METHOD_MATCH = YES;
				COPY_PHASE_STRIP = NO;
				DEBUG_INFORMATION_FORMAT = "dwarf-with-dsym";
				ENABLE_NS_ASSERTIONS = NO;
				ENABLE_STRICT_OBJC_MSGSEND = YES;
				ENABLE_USER_SCRIPT_SANDBOXING = YES;
				GCC_C_LANGUAGE_STANDARD = gnu17;
				GCC_NO_COMMON_BLOCKS = YES;
				GCC_WARN_64_TO_32_BIT_CONVERSION = YES;
				GCC_WARN_ABOUT_RETURN_TYPE = YES_ERROR;
				GCC_WARN_UNDECLARED_SELECTOR = YES;
				GCC_WARN_UNINITIALIZED_AUTOS = YES_AGGRESSIVE;
				GCC_WARN_UNUSED_FUNCTION = YES;
				GCC_WARN_UNUSED_VARIABLE = YES;
				IPHONEOS_DEPLOYMENT_TARGET = 17.2;
				LOCALIZATION_PREFERS_STRING_CATALOGS = YES;
				MTL_ENABLE_DEBUG_INFO = NO;
				MTL_FAST_MATH = YES;
				SDKROOT = iphoneos;
				SWIFT_COMPILATION_MODE = wholemodule;
				VALIDATE_PRODUCT = YES;
			};
			name = Release;
		};
		80266D082B8B6C5F00DE05DC /* Debug */ = {
			isa = XCBuildConfiguration;
			buildSettings = {
				ASSETCATALOG_COMPILER_APPICON_NAME = AppIcon;
				ASSETCATALOG_COMPILER_GLOBAL_ACCENT_COLOR_NAME = AccentColor;
				CODE_SIGN_STYLE = Automatic;
				CURRENT_PROJECT_VERSION = 1;
				DEVELOPMENT_ASSET_PATHS = "\"Millionaire/Preview Content\"";
				DEVELOPMENT_TEAM = X6QCC36TXK;
				ENABLE_PREVIEWS = YES;
				GENERATE_INFOPLIST_FILE = YES;
				INFOPLIST_KEY_UIApplicationSceneManifest_Generation = YES;
				INFOPLIST_KEY_UIApplicationSupportsIndirectInputEvents = YES;
				INFOPLIST_KEY_UILaunchScreen_Generation = YES;
				INFOPLIST_KEY_UISupportedInterfaceOrientations_iPad = "UIInterfaceOrientationPortrait UIInterfaceOrientationPortraitUpsideDown UIInterfaceOrientationLandscapeLeft UIInterfaceOrientationLandscapeRight";
				INFOPLIST_KEY_UISupportedInterfaceOrientations_iPhone = "UIInterfaceOrientationPortrait UIInterfaceOrientationLandscapeLeft UIInterfaceOrientationLandscapeRight";
				IPHONEOS_DEPLOYMENT_TARGET = 15.0;
				LD_RUNPATH_SEARCH_PATHS = (
					"$(inherited)",
					"@executable_path/Frameworks",
				);
				MARKETING_VERSION = 1.0;
				PRODUCT_BUNDLE_IDENTIFIER = "com.koko6a.-Millionaire.Millionaire";
				PRODUCT_NAME = "$(TARGET_NAME)";
				SWIFT_EMIT_LOC_STRINGS = YES;
				SWIFT_VERSION = 5.0;
				TARGETED_DEVICE_FAMILY = "1,2";
			};
			name = Debug;
		};
		80266D092B8B6C5F00DE05DC /* Release */ = {
			isa = XCBuildConfiguration;
			buildSettings = {
				ASSETCATALOG_COMPILER_APPICON_NAME = AppIcon;
				ASSETCATALOG_COMPILER_GLOBAL_ACCENT_COLOR_NAME = AccentColor;
				CODE_SIGN_STYLE = Automatic;
				CURRENT_PROJECT_VERSION = 1;
				DEVELOPMENT_ASSET_PATHS = "\"Millionaire/Preview Content\"";
				DEVELOPMENT_TEAM = X6QCC36TXK;
				ENABLE_PREVIEWS = YES;
				GENERATE_INFOPLIST_FILE = YES;
				INFOPLIST_KEY_UIApplicationSceneManifest_Generation = YES;
				INFOPLIST_KEY_UIApplicationSupportsIndirectInputEvents = YES;
				INFOPLIST_KEY_UILaunchScreen_Generation = YES;
				INFOPLIST_KEY_UISupportedInterfaceOrientations_iPad = "UIInterfaceOrientationPortrait UIInterfaceOrientationPortraitUpsideDown UIInterfaceOrientationLandscapeLeft UIInterfaceOrientationLandscapeRight";
				INFOPLIST_KEY_UISupportedInterfaceOrientations_iPhone = "UIInterfaceOrientationPortrait UIInterfaceOrientationLandscapeLeft UIInterfaceOrientationLandscapeRight";
				IPHONEOS_DEPLOYMENT_TARGET = 15.0;
				LD_RUNPATH_SEARCH_PATHS = (
					"$(inherited)",
					"@executable_path/Frameworks",
				);
				MARKETING_VERSION = 1.0;
				PRODUCT_BUNDLE_IDENTIFIER = "com.koko6a.-Millionaire.Millionaire";
				PRODUCT_NAME = "$(TARGET_NAME)";
				SWIFT_EMIT_LOC_STRINGS = YES;
				SWIFT_VERSION = 5.0;
				TARGETED_DEVICE_FAMILY = "1,2";
			};
			name = Release;
		};
		8059C3DD2B8FC16B002E3182 /* Debug */ = {
			isa = XCBuildConfiguration;
			buildSettings = {
				BUNDLE_LOADER = "$(TEST_HOST)";
				CODE_SIGN_STYLE = Automatic;
				CURRENT_PROJECT_VERSION = 1;
				DEAD_CODE_STRIPPING = YES;
				DEVELOPMENT_TEAM = X6QCC36TXK;
				GENERATE_INFOPLIST_FILE = YES;
				IPHONEOS_DEPLOYMENT_TARGET = 17.2;
				MACOSX_DEPLOYMENT_TARGET = 14.2;
				MARKETING_VERSION = 1.0;
				PRODUCT_BUNDLE_IDENTIFIER = com.koko6a.Millionaire.MillionaireTests;
				PRODUCT_NAME = "$(TARGET_NAME)";
				SDKROOT = auto;
				SUPPORTED_PLATFORMS = "iphoneos iphonesimulator macosx";
				SWIFT_EMIT_LOC_STRINGS = NO;
				SWIFT_VERSION = 5.0;
				TARGETED_DEVICE_FAMILY = "1,2";
				TEST_HOST = "$(BUILT_PRODUCTS_DIR)/Millionaire.app/$(BUNDLE_EXECUTABLE_FOLDER_PATH)/Millionaire";
			};
			name = Debug;
		};
		8059C3DE2B8FC16B002E3182 /* Release */ = {
			isa = XCBuildConfiguration;
			buildSettings = {
				BUNDLE_LOADER = "$(TEST_HOST)";
				CODE_SIGN_STYLE = Automatic;
				CURRENT_PROJECT_VERSION = 1;
				DEAD_CODE_STRIPPING = YES;
				DEVELOPMENT_TEAM = X6QCC36TXK;
				GENERATE_INFOPLIST_FILE = YES;
				IPHONEOS_DEPLOYMENT_TARGET = 17.2;
				MACOSX_DEPLOYMENT_TARGET = 14.2;
				MARKETING_VERSION = 1.0;
				PRODUCT_BUNDLE_IDENTIFIER = com.koko6a.Millionaire.MillionaireTests;
				PRODUCT_NAME = "$(TARGET_NAME)";
				SDKROOT = auto;
				SUPPORTED_PLATFORMS = "iphoneos iphonesimulator macosx";
				SWIFT_EMIT_LOC_STRINGS = NO;
				SWIFT_VERSION = 5.0;
				TARGETED_DEVICE_FAMILY = "1,2";
				TEST_HOST = "$(BUILT_PRODUCTS_DIR)/Millionaire.app/$(BUNDLE_EXECUTABLE_FOLDER_PATH)/Millionaire";
			};
			name = Release;
		};
/* End XCBuildConfiguration section */

/* Begin XCConfigurationList section */
		80266CF42B8B6C5E00DE05DC /* Build configuration list for PBXProject "Millionaire" */ = {
			isa = XCConfigurationList;
			buildConfigurations = (
				80266D052B8B6C5F00DE05DC /* Debug */,
				80266D062B8B6C5F00DE05DC /* Release */,
			);
			defaultConfigurationIsVisible = 0;
			defaultConfigurationName = Release;
		};
		80266D072B8B6C5F00DE05DC /* Build configuration list for PBXNativeTarget "Millionaire" */ = {
			isa = XCConfigurationList;
			buildConfigurations = (
				80266D082B8B6C5F00DE05DC /* Debug */,
				80266D092B8B6C5F00DE05DC /* Release */,
			);
			defaultConfigurationIsVisible = 0;
			defaultConfigurationName = Release;
		};
		8059C3DC2B8FC16B002E3182 /* Build configuration list for PBXNativeTarget "MillionaireTests" */ = {
			isa = XCConfigurationList;
			buildConfigurations = (
				8059C3DD2B8FC16B002E3182 /* Debug */,
				8059C3DE2B8FC16B002E3182 /* Release */,
			);
			defaultConfigurationIsVisible = 0;
			defaultConfigurationName = Release;
		};
/* End XCConfigurationList section */

/* Begin XCSwiftPackageProductDependency section */
		80266D332B8B756300DE05DC /* Questions */ = {
			isa = XCSwiftPackageProductDependency;
			productName = Questions;
		};
		80266D352B8B756700DE05DC /* SoundManager */ = {
			isa = XCSwiftPackageProductDependency;
			productName = SoundManager;
		};
/* End XCSwiftPackageProductDependency section */
	};
	rootObject = 80266CF12B8B6C5E00DE05DC /* Project object */;
}
